
Microsoft Visual Studio Solution File, Format Version 12.00
# Visual Studio Version 16
VisualStudioVersion = 16.0.29920.165
MinimumVisualStudioVersion = 10.0.40219.1
Project("{FAE04EC0-301F-11D3-BF4B-00C04F79EFBC}") = "cw10", "cw10\cw10.csproj", "{05A883DB-8C4B-40A7-908C-42D229D18E8A}"
EndProject
Global
	GlobalSection(SolutionConfigurationPlatforms) = preSolution
		Debug|Any CPU = Debug|Any CPU
		Release|Any CPU = Release|Any CPU
	EndGlobalSection
	GlobalSection(ProjectConfigurationPlatforms) = postSolution
		{05A883DB-8C4B-40A7-908C-42D229D18E8A}.Debug|Any CPU.ActiveCfg = Debug|Any CPU
		{05A883DB-8C4B-40A7-908C-42D229D18E8A}.Debug|Any CPU.Build.0 = Debug|Any CPU
		{05A883DB-8C4B-40A7-908C-42D229D18E8A}.Release|Any CPU.ActiveCfg = Release|Any CPU
		{05A883DB-8C4B-40A7-908C-42D229D18E8A}.Release|Any CPU.Build.0 = Release|Any CPU
	EndGlobalSection
	GlobalSection(SolutionProperties) = preSolution
		HideSolutionNode = FALSE
	EndGlobalSection
	GlobalSection(ExtensibilityGlobals) = postSolution
		SolutionGuid = {F085EA53-9D88-4AC3-B905-6683658FC079}
	EndGlobalSection
EndGlobal
